
Microsoft Visual Studio Solution File, Format Version 12.00
# Visual Studio Version 16
VisualStudioVersion = 16.0.31702.278
MinimumVisualStudioVersion = 10.0.40219.1
Project("{FAE04EC0-301F-11D3-BF4B-00C04F79EFBC}") = "GuessNumberHTML", "GuessNumberHTML\GuessNumberHTML.csproj", "{19813D90-7452-4772-BD77-9E98451F8C68}"
EndProject
Global
	GlobalSection(SolutionConfigurationPlatforms) = preSolution
		Debug|Any CPU = Debug|Any CPU
		Release|Any CPU = Release|Any CPU
	EndGlobalSection
	GlobalSection(ProjectConfigurationPlatforms) = postSolution
		{19813D90-7452-4772-BD77-9E98451F8C68}.Debug|Any CPU.ActiveCfg = Debug|Any CPU
		{19813D90-7452-4772-BD77-9E98451F8C68}.Debug|Any CPU.Build.0 = Debug|Any CPU
		{19813D90-7452-4772-BD77-9E98451F8C68}.Release|Any CPU.ActiveCfg = Release|Any CPU
		{19813D90-7452-4772-BD77-9E98451F8C68}.Release|Any CPU.Build.0 = Release|Any CPU
	EndGlobalSection
	GlobalSection(SolutionProperties) = preSolution
		HideSolutionNode = FALSE
	EndGlobalSection
	GlobalSection(ExtensibilityGlobals) = postSolution
		SolutionGuid = {181AAA05-7E7B-45C6-B359-0412E771C731}
	EndGlobalSection
EndGlobal
