
Microsoft Visual Studio Solution File, Format Version 12.00
# Visual Studio Version 16
VisualStudioVersion = 16.0.31702.278
MinimumVisualStudioVersion = 10.0.40219.1
Project("{FAE04EC0-301F-11D3-BF4B-00C04F79EFBC}") = "GuessNumWeb", "GuessNumWeb\GuessNumWeb.csproj", "{B2CB6706-8357-4A78-ADDB-E6C382E96A25}"
EndProject
Project("{FAE04EC0-301F-11D3-BF4B-00C04F79EFBC}") = "GuessNumLibrary", "GuessNumLibrary\GuessNumLibrary.csproj", "{994C263E-84C6-406F-B14F-C591C88682C2}"
EndProject
Global
	GlobalSection(SolutionConfigurationPlatforms) = preSolution
		Debug|Any CPU = Debug|Any CPU
		Release|Any CPU = Release|Any CPU
	EndGlobalSection
	GlobalSection(ProjectConfigurationPlatforms) = postSolution
		{B2CB6706-8357-4A78-ADDB-E6C382E96A25}.Debug|Any CPU.ActiveCfg = Debug|Any CPU
		{B2CB6706-8357-4A78-ADDB-E6C382E96A25}.Debug|Any CPU.Build.0 = Debug|Any CPU
		{B2CB6706-8357-4A78-ADDB-E6C382E96A25}.Release|Any CPU.ActiveCfg = Release|Any CPU
		{B2CB6706-8357-4A78-ADDB-E6C382E96A25}.Release|Any CPU.Build.0 = Release|Any CPU
		{994C263E-84C6-406F-B14F-C591C88682C2}.Debug|Any CPU.ActiveCfg = Debug|Any CPU
		{994C263E-84C6-406F-B14F-C591C88682C2}.Debug|Any CPU.Build.0 = Debug|Any CPU
		{994C263E-84C6-406F-B14F-C591C88682C2}.Release|Any CPU.ActiveCfg = Release|Any CPU
		{994C263E-84C6-406F-B14F-C591C88682C2}.Release|Any CPU.Build.0 = Release|Any CPU
	EndGlobalSection
	GlobalSection(SolutionProperties) = preSolution
		HideSolutionNode = FALSE
	EndGlobalSection
	GlobalSection(ExtensibilityGlobals) = postSolution
		SolutionGuid = {AA2A9EA5-581D-40B1-85CB-53E3A33312A6}
	EndGlobalSection
EndGlobal
